{
    "name": "blade-vscode",
    "version": "0.2.0",
    "lockfileVersion": 1,
    "requires": true,
    "dependencies": {
        "command-exists-promise": {
            "version": "2.0.2",
            "resolved": "https://registry.npmjs.org/command-exists-promise/-/command-exists-promise-2.0.2.tgz",
            "integrity": "sha512-T6PB6vdFrwnHXg/I0kivM3DqaCGZLjjYSOe0a5WgFKcz1sOnmOeIjnhQPXVXX3QjVbLyTJ85lJkX6lUpukTzaA=="
        }
    }
}
