{
    "name": "blade-vscode",
    "version": "0.3.0",
    "lockfileVersion": 2,
    "requires": true,
    "packages": {
        "": {
            "name": "blade-vscode",
            "version": "0.3.0",
            "dependencies": {
                "command-exists-promise": "^2.0.2"
            },
            "engines": {
                "vscode": "^1.58.0"
            }
        },
        "node_modules/command-exists-promise": {
            "version": "2.0.2",
            "resolved": "https://registry.npmjs.org/command-exists-promise/-/command-exists-promise-2.0.2.tgz",
            "integrity": "sha512-T6PB6vdFrwnHXg/I0kivM3DqaCGZLjjYSOe0a5WgFKcz1sOnmOeIjnhQPXVXX3QjVbLyTJ85lJkX6lUpukTzaA==",
            "engines": {
                "node": ">=6"
            }
        }
    },
    "dependencies": {
        "command-exists-promise": {
            "version": "2.0.2",
            "resolved": "https://registry.npmjs.org/command-exists-promise/-/command-exists-promise-2.0.2.tgz",
            "integrity": "sha512-T6PB6vdFrwnHXg/I0kivM3DqaCGZLjjYSOe0a5WgFKcz1sOnmOeIjnhQPXVXX3QjVbLyTJ85lJkX6lUpukTzaA=="
        }
    }
}
